
Microsoft Visual Studio Solution File, Format Version 12.00
# Visual Studio 15
VisualStudioVersion = 15.0.26228.73
MinimumVisualStudioVersion = 10.0.40219.1
Project("{A07B5EB6-E848-4116-A8D0-A826331D98C6}") = "ServiceFabricApp1", "ServiceFabricApp1\ServiceFabricApp1.sfproj", "{AC3A2E24-F027-4780-A54F-5EEC804040DB}"
EndProject
Project("{FAE04EC0-301F-11D3-BF4B-00C04F79EFBC}") = "Calculator", "Calculator\Calculator.csproj", "{4B0384A3-1B5E-4561-B665-4A03E10CFCAA}"
EndProject
Project("{FAE04EC0-301F-11D3-BF4B-00C04F79EFBC}") = "Calculator.Interfaces", "Calculator.Interfaces\Calculator.Interfaces.csproj", "{666ACB7D-B16D-4F7B-82B0-B662B0775682}"
EndProject
Global
	GlobalSection(SolutionConfigurationPlatforms) = preSolution
		Debug|x64 = Debug|x64
		Release|x64 = Release|x64
	EndGlobalSection
	GlobalSection(ProjectConfigurationPlatforms) = postSolution
		{AC3A2E24-F027-4780-A54F-5EEC804040DB}.Debug|x64.ActiveCfg = Debug|x64
		{AC3A2E24-F027-4780-A54F-5EEC804040DB}.Debug|x64.Build.0 = Debug|x64
		{AC3A2E24-F027-4780-A54F-5EEC804040DB}.Debug|x64.Deploy.0 = Debug|x64
		{AC3A2E24-F027-4780-A54F-5EEC804040DB}.Release|x64.ActiveCfg = Release|x64
		{AC3A2E24-F027-4780-A54F-5EEC804040DB}.Release|x64.Build.0 = Release|x64
		{AC3A2E24-F027-4780-A54F-5EEC804040DB}.Release|x64.Deploy.0 = Release|x64
		{4B0384A3-1B5E-4561-B665-4A03E10CFCAA}.Debug|x64.ActiveCfg = Debug|x64
		{4B0384A3-1B5E-4561-B665-4A03E10CFCAA}.Debug|x64.Build.0 = Debug|x64
		{4B0384A3-1B5E-4561-B665-4A03E10CFCAA}.Release|x64.ActiveCfg = Release|x64
		{4B0384A3-1B5E-4561-B665-4A03E10CFCAA}.Release|x64.Build.0 = Release|x64
		{666ACB7D-B16D-4F7B-82B0-B662B0775682}.Debug|x64.ActiveCfg = Debug|x64
		{666ACB7D-B16D-4F7B-82B0-B662B0775682}.Debug|x64.Build.0 = Debug|x64
		{666ACB7D-B16D-4F7B-82B0-B662B0775682}.Release|x64.ActiveCfg = Release|x64
		{666ACB7D-B16D-4F7B-82B0-B662B0775682}.Release|x64.Build.0 = Release|x64
	EndGlobalSection
	GlobalSection(SolutionProperties) = preSolution
		HideSolutionNode = FALSE
	EndGlobalSection
EndGlobal
